
Microsoft Visual Studio Solution File, Format Version 12.00
# Visual Studio Version 16
VisualStudioVersion = 16.0.31025.194
MinimumVisualStudioVersion = 10.0.40219.1
Project("{FAE04EC0-301F-11D3-BF4B-00C04F79EFBC}") = "WhatSender", "WhatSender\WhatSender.csproj", "{C1C3BF14-7E50-4EBC-8FFD-EBA9F4C92371}"
EndProject
Project("{2150E333-8FDC-42A3-9474-1A3956D46DE8}") = "Solution Items", "Solution Items", "{16B7E3E3-74F7-4DD3-960C-F1AC7A4FB228}"
EndProject
Global
	GlobalSection(SolutionConfigurationPlatforms) = preSolution
		Debug|Any CPU = Debug|Any CPU
		Release|Any CPU = Release|Any CPU
	EndGlobalSection
	GlobalSection(ProjectConfigurationPlatforms) = postSolution
		{C1C3BF14-7E50-4EBC-8FFD-EBA9F4C92371}.Debug|Any CPU.ActiveCfg = Debug|Any CPU
		{C1C3BF14-7E50-4EBC-8FFD-EBA9F4C92371}.Debug|Any CPU.Build.0 = Debug|Any CPU
		{C1C3BF14-7E50-4EBC-8FFD-EBA9F4C92371}.Release|Any CPU.ActiveCfg = Release|Any CPU
		{C1C3BF14-7E50-4EBC-8FFD-EBA9F4C92371}.Release|Any CPU.Build.0 = Release|Any CPU
	EndGlobalSection
	GlobalSection(SolutionProperties) = preSolution
		HideSolutionNode = FALSE
	EndGlobalSection
	GlobalSection(ExtensibilityGlobals) = postSolution
		SolutionGuid = {B1E74A91-3471-452D-BE50-1CFA2622C7E4}
	EndGlobalSection
EndGlobal
